
Microsoft Visual Studio Solution File, Format Version 12.00
# Visual Studio 15
VisualStudioVersion = 15.0.26124.0
MinimumVisualStudioVersion = 15.0.26124.0
Project("{2150E333-8FDC-42A3-9474-1A3956D46DE8}") = "src", "src", "{6E2E395D-9D5A-4B44-A83E-0635C9BA1F73}"
EndProject
Project("{FAE04EC0-301F-11D3-BF4B-00C04F79EFBC}") = "Catalog.API", "src\Catalog.API\Catalog.API.csproj", "{4FFD15B3-B8EA-41BA-B6C9-C6B31241ADB0}"
EndProject
Project("{FAE04EC0-301F-11D3-BF4B-00C04F79EFBC}") = "Catalog.Domain", "src\Catalog.Domain\Catalog.Domain.csproj", "{322233D1-BABC-492C-9A4B-5475AC8EA042}"
EndProject
Project("{FAE04EC0-301F-11D3-BF4B-00C04F79EFBC}") = "Catalog.Infrastructure", "src\Catalog.Infrastructure\Catalog.Infrastructure.csproj", "{CF2297AC-C400-40CC-96F4-720163D9B9A3}"
EndProject
Global
	GlobalSection(SolutionConfigurationPlatforms) = preSolution
		Debug|Any CPU = Debug|Any CPU
		Debug|x64 = Debug|x64
		Debug|x86 = Debug|x86
		Release|Any CPU = Release|Any CPU
		Release|x64 = Release|x64
		Release|x86 = Release|x86
	EndGlobalSection
	GlobalSection(SolutionProperties) = preSolution
		HideSolutionNode = FALSE
	EndGlobalSection
	GlobalSection(ProjectConfigurationPlatforms) = postSolution
		{4FFD15B3-B8EA-41BA-B6C9-C6B31241ADB0}.Debug|Any CPU.ActiveCfg = Debug|Any CPU
		{4FFD15B3-B8EA-41BA-B6C9-C6B31241ADB0}.Debug|Any CPU.Build.0 = Debug|Any CPU
		{4FFD15B3-B8EA-41BA-B6C9-C6B31241ADB0}.Debug|x64.ActiveCfg = Debug|Any CPU
		{4FFD15B3-B8EA-41BA-B6C9-C6B31241ADB0}.Debug|x64.Build.0 = Debug|Any CPU
		{4FFD15B3-B8EA-41BA-B6C9-C6B31241ADB0}.Debug|x86.ActiveCfg = Debug|Any CPU
		{4FFD15B3-B8EA-41BA-B6C9-C6B31241ADB0}.Debug|x86.Build.0 = Debug|Any CPU
		{4FFD15B3-B8EA-41BA-B6C9-C6B31241ADB0}.Release|Any CPU.ActiveCfg = Release|Any CPU
		{4FFD15B3-B8EA-41BA-B6C9-C6B31241ADB0}.Release|Any CPU.Build.0 = Release|Any CPU
		{4FFD15B3-B8EA-41BA-B6C9-C6B31241ADB0}.Release|x64.ActiveCfg = Release|Any CPU
		{4FFD15B3-B8EA-41BA-B6C9-C6B31241ADB0}.Release|x64.Build.0 = Release|Any CPU
		{4FFD15B3-B8EA-41BA-B6C9-C6B31241ADB0}.Release|x86.ActiveCfg = Release|Any CPU
		{4FFD15B3-B8EA-41BA-B6C9-C6B31241ADB0}.Release|x86.Build.0 = Release|Any CPU
		{322233D1-BABC-492C-9A4B-5475AC8EA042}.Debug|Any CPU.ActiveCfg = Debug|Any CPU
		{322233D1-BABC-492C-9A4B-5475AC8EA042}.Debug|Any CPU.Build.0 = Debug|Any CPU
		{322233D1-BABC-492C-9A4B-5475AC8EA042}.Debug|x64.ActiveCfg = Debug|Any CPU
		{322233D1-BABC-492C-9A4B-5475AC8EA042}.Debug|x64.Build.0 = Debug|Any CPU
		{322233D1-BABC-492C-9A4B-5475AC8EA042}.Debug|x86.ActiveCfg = Debug|Any CPU
		{322233D1-BABC-492C-9A4B-5475AC8EA042}.Debug|x86.Build.0 = Debug|Any CPU
		{322233D1-BABC-492C-9A4B-5475AC8EA042}.Release|Any CPU.ActiveCfg = Release|Any CPU
		{322233D1-BABC-492C-9A4B-5475AC8EA042}.Release|Any CPU.Build.0 = Release|Any CPU
		{322233D1-BABC-492C-9A4B-5475AC8EA042}.Release|x64.ActiveCfg = Release|Any CPU
		{322233D1-BABC-492C-9A4B-5475AC8EA042}.Release|x64.Build.0 = Release|Any CPU
		{322233D1-BABC-492C-9A4B-5475AC8EA042}.Release|x86.ActiveCfg = Release|Any CPU
		{322233D1-BABC-492C-9A4B-5475AC8EA042}.Release|x86.Build.0 = Release|Any CPU
		{CF2297AC-C400-40CC-96F4-720163D9B9A3}.Debug|Any CPU.ActiveCfg = Debug|Any CPU
		{CF2297AC-C400-40CC-96F4-720163D9B9A3}.Debug|Any CPU.Build.0 = Debug|Any CPU
		{CF2297AC-C400-40CC-96F4-720163D9B9A3}.Debug|x64.ActiveCfg = Debug|Any CPU
		{CF2297AC-C400-40CC-96F4-720163D9B9A3}.Debug|x64.Build.0 = Debug|Any CPU
		{CF2297AC-C400-40CC-96F4-720163D9B9A3}.Debug|x86.ActiveCfg = Debug|Any CPU
		{CF2297AC-C400-40CC-96F4-720163D9B9A3}.Debug|x86.Build.0 = Debug|Any CPU
		{CF2297AC-C400-40CC-96F4-720163D9B9A3}.Release|Any CPU.ActiveCfg = Release|Any CPU
		{CF2297AC-C400-40CC-96F4-720163D9B9A3}.Release|Any CPU.Build.0 = Release|Any CPU
		{CF2297AC-C400-40CC-96F4-720163D9B9A3}.Release|x64.ActiveCfg = Release|Any CPU
		{CF2297AC-C400-40CC-96F4-720163D9B9A3}.Release|x64.Build.0 = Release|Any CPU
		{CF2297AC-C400-40CC-96F4-720163D9B9A3}.Release|x86.ActiveCfg = Release|Any CPU
		{CF2297AC-C400-40CC-96F4-720163D9B9A3}.Release|x86.Build.0 = Release|Any CPU
	EndGlobalSection
	GlobalSection(NestedProjects) = preSolution
		{4FFD15B3-B8EA-41BA-B6C9-C6B31241ADB0} = {6E2E395D-9D5A-4B44-A83E-0635C9BA1F73}
		{322233D1-BABC-492C-9A4B-5475AC8EA042} = {6E2E395D-9D5A-4B44-A83E-0635C9BA1F73}
		{CF2297AC-C400-40CC-96F4-720163D9B9A3} = {6E2E395D-9D5A-4B44-A83E-0635C9BA1F73}
	EndGlobalSection
EndGlobal
